// !$*UTF8*$!
{
	archiveVersion = 1;
	classes = {
	};
	objectVersion = 50;
	objects = {

/* Begin PBXBuildFile section */
		18BFA6F722BD2F9F000C09B7 /* AppDelegate.swift in Sources */ = {isa = PBXBuildFile; fileRef = 18BFA6F622BD2F9F000C09B7 /* AppDelegate.swift */; };
		18BFA6FC22BD2F9F000C09B7 /* Main.storyboard in Resources */ = {isa = PBXBuildFile; fileRef = 18BFA6FA22BD2F9F000C09B7 /* Main.storyboard */; };
		18BFA6FE22BD2FA0000C09B7 /* Assets.xcassets in Resources */ = {isa = PBXBuildFile; fileRef = 18BFA6FD22BD2FA0000C09B7 /* Assets.xcassets */; };
		18BFA70122BD2FA0000C09B7 /* LaunchScreen.storyboard in Resources */ = {isa = PBXBuildFile; fileRef = 18BFA6FF22BD2FA0000C09B7 /* LaunchScreen.storyboard */; };
		18BFA70C22BD2FA0000C09B7 /* TablesPracticeTests.swift in Sources */ = {isa = PBXBuildFile; fileRef = 18BFA70B22BD2FA0000C09B7 /* TablesPracticeTests.swift */; };
		18BFA71722BD2FA0000C09B7 /* TablesPracticeUITests.swift in Sources */ = {isa = PBXBuildFile; fileRef = 18BFA71622BD2FA0000C09B7 /* TablesPracticeUITests.swift */; };
		18BFA72522BD344D000C09B7 /* CactiTableViewController.swift in Sources */ = {isa = PBXBuildFile; fileRef = 18BFA72422BD344D000C09B7 /* CactiTableViewController.swift */; };
/* End PBXBuildFile section */

/* Begin PBXContainerItemProxy section */
		18BFA70822BD2FA0000C09B7 /* PBXContainerItemProxy */ = {
			isa = PBXContainerItemProxy;
			containerPortal = 18BFA6EB22BD2F9F000C09B7 /* Project object */;
			proxyType = 1;
			remoteGlobalIDString = 18BFA6F222BD2F9F000C09B7;
			remoteInfo = TablesPractice;
		};
		18BFA71322BD2FA0000C09B7 /* PBXContainerItemProxy */ = {
			isa = PBXContainerItemProxy;
			containerPortal = 18BFA6EB22BD2F9F000C09B7 /* Project object */;
			proxyType = 1;
			remoteGlobalIDString = 18BFA6F222BD2F9F000C09B7;
			remoteInfo = TablesPractice;
		};
/* End PBXContainerItemProxy section */

/* Begin PBXFileReference section */
		18BFA6F322BD2F9F000C09B7 /* TablesPractice.app */ = {isa = PBXFileReference; explicitFileType = wrapper.application; includeInIndex = 0; path = TablesPractice.app; sourceTree = BUILT_PRODUCTS_DIR; };
		18BFA6F622BD2F9F000C09B7 /* AppDelegate.swift */ = {isa = PBXFileReference; lastKnownFileType = sourcecode.swift; path = AppDelegate.swift; sourceTree = "<group>"; };
		18BFA6FB22BD2F9F000C09B7 /* Base */ = {isa = PBXFileReference; lastKnownFileType = file.storyboard; name = Base; path = Base.lproj/Main.storyboard; sourceTree = "<group>"; };
		18BFA6FD22BD2FA0000C09B7 /* Assets.xcassets */ = {isa = PBXFileReference; lastKnownFileType = folder.assetcatalog; path = Assets.xcassets; sourceTree = "<group>"; };
		18BFA70022BD2FA0000C09B7 /* Base */ = {isa = PBXFileReference; lastKnownFileType = file.storyboard; name = Base; path = Base.lproj/LaunchScreen.storyboard; sourceTree = "<group>"; };
		18BFA70222BD2FA0000C09B7 /* Info.plist */ = {isa = PBXFileReference; lastKnownFileType = text.plist.xml; path = Info.plist; sourceTree = "<group>"; };
		18BFA70722BD2FA0000C09B7 /* TablesPracticeTests.xctest */ = {isa = PBXFileReference; explicitFileType = wrapper.cfbundle; includeInIndex = 0; path = TablesPracticeTests.xctest; sourceTree = BUILT_PRODUCTS_DIR; };
		18BFA70B22BD2FA0000C09B7 /* TablesPracticeTests.swift */ = {isa = PBXFileReference; lastKnownFileType = sourcecode.swift; path = TablesPracticeTests.swift; sourceTree = "<group>"; };
		18BFA70D22BD2FA0000C09B7 /* Info.plist */ = {isa = PBXFileReference; lastKnownFileType = text.plist.xml; path = Info.plist; sourceTree = "<group>"; };
		18BFA71222BD2FA0000C09B7 /* TablesPracticeUITests.xctest */ = {isa = PBXFileReference; explicitFileType = wrapper.cfbundle; includeInIndex = 0; path = TablesPracticeUITests.xctest; sourceTree = BUILT_PRODUCTS_DIR; };
		18BFA71622BD2FA0000C09B7 /* TablesPracticeUITests.swift */ = {isa = PBXFileReference; lastKnownFileType = sourcecode.swift; path = TablesPracticeUITests.swift; sourceTree = "<group>"; };
		18BFA71822BD2FA0000C09B7 /* Info.plist */ = {isa = PBXFileReference; lastKnownFileType = text.plist.xml; path = Info.plist; sourceTree = "<group>"; };
		18BFA72422BD344D000C09B7 /* CactiTableViewController.swift */ = {isa = PBXFileReference; lastKnownFileType = sourcecode.swift; path = CactiTableViewController.swift; sourceTree = "<group>"; };
/* End PBXFileReference section */

/* Begin PBXFrameworksBuildPhase section */
		18BFA6F022BD2F9F000C09B7 /* Frameworks */ = {
			isa = PBXFrameworksBuildPhase;
			buildActionMask = 2147483647;
			files = (
			);
			runOnlyForDeploymentPostprocessing = 0;
		};
		18BFA70422BD2FA0000C09B7 /* Frameworks */ = {
			isa = PBXFrameworksBuildPhase;
			buildActionMask = 2147483647;
			files = (
			);
			runOnlyForDeploymentPostprocessing = 0;
		};
		18BFA70F22BD2FA0000C09B7 /* Frameworks */ = {
			isa = PBXFrameworksBuildPhase;
			buildActionMask = 2147483647;
			files = (
			);
			runOnlyForDeploymentPostprocessing = 0;
		};
/* End PBXFrameworksBuildPhase section */

/* Begin PBXGroup section */
		18BFA6EA22BD2F9F000C09B7 = {
			isa = PBXGroup;
			children = (
				18BFA6F522BD2F9F000C09B7 /* TablesPractice */,
				18BFA70A22BD2FA0000C09B7 /* TablesPracticeTests */,
				18BFA71522BD2FA0000C09B7 /* TablesPracticeUITests */,
				18BFA6F422BD2F9F000C09B7 /* Products */,
			);
			sourceTree = "<group>";
		};
		18BFA6F422BD2F9F000C09B7 /* Products */ = {
			isa = PBXGroup;
			children = (
				18BFA6F322BD2F9F000C09B7 /* TablesPractice.app */,
				18BFA70722BD2FA0000C09B7 /* TablesPracticeTests.xctest */,
				18BFA71222BD2FA0000C09B7 /* TablesPracticeUITests.xctest */,
			);
			name = Products;
			sourceTree = "<group>";
		};
		18BFA6F522BD2F9F000C09B7 /* TablesPractice */ = {
			isa = PBXGroup;
			children = (
				18BFA6F622BD2F9F000C09B7 /* AppDelegate.swift */,
				18BFA6FA22BD2F9F000C09B7 /* Main.storyboard */,
				18BFA6FD22BD2FA0000C09B7 /* Assets.xcassets */,
				18BFA6FF22BD2FA0000C09B7 /* LaunchScreen.storyboard */,
				18BFA70222BD2FA0000C09B7 /* Info.plist */,
				18BFA72422BD344D000C09B7 /* CactiTableViewController.swift */,
			);
			path = TablesPractice;
			sourceTree = "<group>";
		};
		18BFA70A22BD2FA0000C09B7 /* TablesPracticeTests */ = {
			isa = PBXGroup;
			children = (
				18BFA70B22BD2FA0000C09B7 /* TablesPracticeTests.swift */,
				18BFA70D22BD2FA0000C09B7 /* Info.plist */,
			);
			path = TablesPracticeTests;
			sourceTree = "<group>";
		};
		18BFA71522BD2FA0000C09B7 /* TablesPracticeUITests */ = {
			isa = PBXGroup;
			children = (
				18BFA71622BD2FA0000C09B7 /* TablesPracticeUITests.swift */,
				18BFA71822BD2FA0000C09B7 /* Info.plist */,
			);
			path = TablesPracticeUITests;
			sourceTree = "<group>";
		};
/* End PBXGroup section */

/* Begin PBXNativeTarget section */
		18BFA6F222BD2F9F000C09B7 /* TablesPractice */ = {
			isa = PBXNativeTarget;
			buildConfigurationList = 18BFA71B22BD2FA0000C09B7 /* Build configuration list for PBXNativeTarget "TablesPractice" */;
			buildPhases = (
				18BFA6EF22BD2F9F000C09B7 /* Sources */,
				18BFA6F022BD2F9F000C09B7 /* Frameworks */,
				18BFA6F122BD2F9F000C09B7 /* Resources */,
			);
			buildRules = (
			);
			dependencies = (
			);
			name = TablesPractice;
			productName = TablesPractice;
			productReference = 18BFA6F322BD2F9F000C09B7 /* TablesPractice.app */;
			productType = "com.apple.product-type.application";
		};
		18BFA70622BD2FA0000C09B7 /* TablesPracticeTests */ = {
			isa = PBXNativeTarget;
			buildConfigurationList = 18BFA71E22BD2FA0000C09B7 /* Build configuration list for PBXNativeTarget "TablesPracticeTests" */;
			buildPhases = (
				18BFA70322BD2FA0000C09B7 /* Sources */,
				18BFA70422BD2FA0000C09B7 /* Frameworks */,
				18BFA70522BD2FA0000C09B7 /* Resources */,
			);
			buildRules = (
			);
			dependencies = (
				18BFA70922BD2FA0000C09B7 /* PBXTargetDependency */,
			);
			name = TablesPracticeTests;
			productName = TablesPracticeTests;
			productReference = 18BFA70722BD2FA0000C09B7 /* TablesPracticeTests.xctest */;
			productType = "com.apple.product-type.bundle.unit-test";
		};
		18BFA71122BD2FA0000C09B7 /* TablesPracticeUITests */ = {
			isa = PBXNativeTarget;
			buildConfigurationList = 18BFA72122BD2FA0000C09B7 /* Build configuration list for PBXNativeTarget "TablesPracticeUITests" */;
			buildPhases = (
				18BFA70E22BD2FA0000C09B7 /* Sources */,
				18BFA70F22BD2FA0000C09B7 /* Frameworks */,
				18BFA71022BD2FA0000C09B7 /* Resources */,
			);
			buildRules = (
			);
			dependencies = (
				18BFA71422BD2FA0000C09B7 /* PBXTargetDependency */,
			);
			name = TablesPracticeUITests;
			productName = TablesPracticeUITests;
			productReference = 18BFA71222BD2FA0000C09B7 /* TablesPracticeUITests.xctest */;
			productType = "com.apple.product-type.bundle.ui-testing";
		};
/* End PBXNativeTarget section */

/* Begin PBXProject section */
		18BFA6EB22BD2F9F000C09B7 /* Project object */ = {
			isa = PBXProject;
			attributes = {
				LastSwiftUpdateCheck = 1020;
				LastUpgradeCheck = 1020;
				ORGANIZATIONNAME = Apple;
				TargetAttributes = {
					18BFA6F222BD2F9F000C09B7 = {
						CreatedOnToolsVersion = 10.2.1;
					};
					18BFA70622BD2FA0000C09B7 = {
						CreatedOnToolsVersion = 10.2.1;
						TestTargetID = 18BFA6F222BD2F9F000C09B7;
					};
					18BFA71122BD2FA0000C09B7 = {
						CreatedOnToolsVersion = 10.2.1;
						TestTargetID = 18BFA6F222BD2F9F000C09B7;
					};
				};
			};
			buildConfigurationList = 18BFA6EE22BD2F9F000C09B7 /* Build configuration list for PBXProject "TablesPractice" */;
			compatibilityVersion = "Xcode 9.3";
			developmentRegion = en;
			hasScannedForEncodings = 0;
			knownRegions = (
				en,
				Base,
			);
			mainGroup = 18BFA6EA22BD2F9F000C09B7;
			productRefGroup = 18BFA6F422BD2F9F000C09B7 /* Products */;
			projectDirPath = "";
			projectRoot = "";
			targets = (
				18BFA6F222BD2F9F000C09B7 /* TablesPractice */,
				18BFA70622BD2FA0000C09B7 /* TablesPracticeTests */,
				18BFA71122BD2FA0000C09B7 /* TablesPracticeUITests */,
			);
		};
/* End PBXProject section */

/* Begin PBXResourcesBuildPhase section */
		18BFA6F122BD2F9F000C09B7 /* Resources */ = {
			isa = PBXResourcesBuildPhase;
			buildActionMask = 2147483647;
			files = (
				18BFA70122BD2FA0000C09B7 /* LaunchScreen.storyboard in Resources */,
				18BFA6FE22BD2FA0000C09B7 /* Assets.xcassets in Resources */,
				18BFA6FC22BD2F9F000C09B7 /* Main.storyboard in Resources */,
			);
			runOnlyForDeploymentPostprocessing = 0;
		};
		18BFA70522BD2FA0000C09B7 /* Resources */ = {
			isa = PBXResourcesBuildPhase;
			buildActionMask = 2147483647;
			files = (
			);
			runOnlyForDeploymentPostprocessing = 0;
		};
		18BFA71022BD2FA0000C09B7 /* Resources */ = {
			isa = PBXResourcesBuildPhase;
			buildActionMask = 2147483647;
			files = (
			);
			runOnlyForDeploymentPostprocessing = 0;
		};
/* End PBXResourcesBuildPhase section */

/* Begin PBXSourcesBuildPhase section */
		18BFA6EF22BD2F9F000C09B7 /* Sources */ = {
			isa = PBXSourcesBuildPhase;
			buildActionMask = 2147483647;
			files = (
				18BFA72522BD344D000C09B7 /* CactiTableViewController.swift in Sources */,
				18BFA6F722BD2F9F000C09B7 /* AppDelegate.swift in Sources */,
			);
			runOnlyForDeploymentPostprocessing = 0;
		};
		18BFA70322BD2FA0000C09B7 /* Sources */ = {
			isa = PBXSourcesBuildPhase;
			buildActionMask = 2147483647;
			files = (
				18BFA70C22BD2FA0000C09B7 /* TablesPracticeTests.swift in Sources */,
			);
			runOnlyForDeploymentPostprocessing = 0;
		};
		18BFA70E22BD2FA0000C09B7 /* Sources */ = {
			isa = PBXSourcesBuildPhase;
			buildActionMask = 2147483647;
			files = (
				18BFA71722BD2FA0000C09B7 /* TablesPracticeUITests.swift in Sources */,
			);
			runOnlyForDeploymentPostprocessing = 0;
		};
/* End PBXSourcesBuildPhase section */

/* Begin PBXTargetDependency section */
		18BFA70922BD2FA0000C09B7 /* PBXTargetDependency */ = {
			isa = PBXTargetDependency;
			target = 18BFA6F222BD2F9F000C09B7 /* TablesPractice */;
			targetProxy = 18BFA70822BD2FA0000C09B7 /* PBXContainerItemProxy */;
		};
		18BFA71422BD2FA0000C09B7 /* PBXTargetDependency */ = {
			isa = PBXTargetDependency;
			target = 18BFA6F222BD2F9F000C09B7 /* TablesPractice */;
			targetProxy = 18BFA71322BD2FA0000C09B7 /* PBXContainerItemProxy */;
		};
/* End PBXTargetDependency section */

/* Begin PBXVariantGroup section */
		18BFA6FA22BD2F9F000C09B7 /* Main.storyboard */ = {
			isa = PBXVariantGroup;
			children = (
				18BFA6FB22BD2F9F000C09B7 /* Base */,
			);
			name = Main.storyboard;
			sourceTree = "<group>";
		};
		18BFA6FF22BD2FA0000C09B7 /* LaunchScreen.storyboard */ = {
			isa = PBXVariantGroup;
			children = (
				18BFA70022BD2FA0000C09B7 /* Base */,
			);
			name = LaunchScreen.storyboard;
			sourceTree = "<group>";
		};
/* End PBXVariantGroup section */

/* Begin XCBuildConfiguration section */
		18BFA71922BD2FA0000C09B7 /* Debug */ = {
			isa = XCBuildConfiguration;
			buildSettings = {
				ALWAYS_SEARCH_USER_PATHS = NO;
				CLANG_ANALYZER_NONNULL = YES;
				CLANG_ANALYZER_NUMBER_OBJECT_CONVERSION = YES_AGGRESSIVE;
				CLANG_CXX_LANGUAGE_STANDARD = "gnu++14";
				CLANG_CXX_LIBRARY = "libc++";
				CLANG_ENABLE_MODULES = YES;
				CLANG_ENABLE_OBJC_ARC = YES;
				CLANG_ENABLE_OBJC_WEAK = YES;
				CLANG_WARN_BLOCK_CAPTURE_AUTORELEASING = YES;
				CLANG_WARN_BOOL_CONVERSION = YES;
				CLANG_WARN_COMMA = YES;
				CLANG_WARN_CONSTANT_CONVERSION = YES;
				CLANG_WARN_DEPRECATED_OBJC_IMPLEMENTATIONS = YES;
				CLANG_WARN_DIRECT_OBJC_ISA_USAGE = YES_ERROR;
				CLANG_WARN_DOCUMENTATION_COMMENTS = YES;
				CLANG_WARN_EMPTY_BODY = YES;
				CLANG_WARN_ENUM_CONVERSION = YES;
				CLANG_WARN_INFINITE_RECURSION = YES;
				CLANG_WARN_INT_CONVERSION = YES;
				CLANG_WARN_NON_LITERAL_NULL_CONVERSION = YES;
				CLANG_WARN_OBJC_IMPLICIT_RETAIN_SELF = YES;
				CLANG_WARN_OBJC_LITERAL_CONVERSION = YES;
				CLANG_WARN_OBJC_ROOT_CLASS = YES_ERROR;
				CLANG_WARN_RANGE_LOOP_ANALYSIS = YES;
				CLANG_WARN_STRICT_PROTOTYPES = YES;
				CLANG_WARN_SUSPICIOUS_MOVE = YES;
				CLANG_WARN_UNGUARDED_AVAILABILITY = YES_AGGRESSIVE;
				CLANG_WARN_UNREACHABLE_CODE = YES;
				CLANG_WARN__DUPLICATE_METHOD_MATCH = YES;
				CODE_SIGN_IDENTITY = "iPhone Developer";
				COPY_PHASE_STRIP = NO;
				DEBUG_INFORMATION_FORMAT = dwarf;
				ENABLE_STRICT_OBJC_MSGSEND = YES;
				ENABLE_TESTABILITY = YES;
				GCC_C_LANGUAGE_STANDARD = gnu11;
				GCC_DYNAMIC_NO_PIC = NO;
				GCC_NO_COMMON_BLOCKS = YES;
				GCC_OPTIMIZATION_LEVEL = 0;
				GCC_PREPROCESSOR_DEFINITIONS = (
					"DEBUG=1",
					"$(inherited)",
				);
				GCC_WARN_64_TO_32_BIT_CONVERSION = YES;
				GCC_WARN_ABOUT_RETURN_TYPE = YES_ERROR;
				GCC_WARN_UNDECLARED_SELECTOR = YES;
				GCC_WARN_UNINITIALIZED_AUTOS = YES_AGGRESSIVE;
				GCC_WARN_UNUSED_FUNCTION = YES;
				GCC_WARN_UNUSED_VARIABLE = YES;
				IPHONEOS_DEPLOYMENT_TARGET = 12.2;
				MTL_ENABLE_DEBUG_INFO = INCLUDE_SOURCE;
				MTL_FAST_MATH = YES;
				ONLY_ACTIVE_ARCH = YES;
				SDKROOT = iphoneos;
				SWIFT_ACTIVE_COMPILATION_CONDITIONS = DEBUG;
				SWIFT_OPTIMIZATION_LEVEL = "-Onone";
			};
			name = Debug;
		};
		18BFA71A22BD2FA0000C09B7 /* Release */ = {
			isa = XCBuildConfiguration;
			buildSettings = {
				ALWAYS_SEARCH_USER_PATHS = NO;
				CLANG_ANALYZER_NONNULL = YES;
				CLANG_ANALYZER_NUMBER_OBJECT_CONVERSION = YES_AGGRESSIVE;
				CLANG_CXX_LANGUAGE_STANDARD = "gnu++14";
				CLANG_CXX_LIBRARY = "libc++";
				CLANG_ENABLE_MODULES = YES;
				CLANG_ENABLE_OBJC_ARC = YES;
				CLANG_ENABLE_OBJC_WEAK = YES;
				CLANG_WARN_BLOCK_CAPTURE_AUTORELEASING = YES;
				CLANG_WARN_BOOL_CONVERSION = YES;
				CLANG_WARN_COMMA = YES;
				CLANG_WARN_CONSTANT_CONVERSION = YES;
				CLANG_WARN_DEPRECATED_OBJC_IMPLEMENTATIONS = YES;
				CLANG_WARN_DIRECT_OBJC_ISA_USAGE = YES_ERROR;
				CLANG_WARN_DOCUMENTATION_COMMENTS = YES;
				CLANG_WARN_EMPTY_BODY = YES;
				CLANG_WARN_ENUM_CONVERSION = YES;
				CLANG_WARN_INFINITE_RECURSION = YES;
				CLANG_WARN_INT_CONVERSION = YES;
				CLANG_WARN_NON_LITERAL_NULL_CONVERSION = YES;
				CLANG_WARN_OBJC_IMPLICIT_RETAIN_SELF = YES;
				CLANG_WARN_OBJC_LITERAL_CONVERSION = YES;
				CLANG_WARN_OBJC_ROOT_CLASS = YES_ERROR;
				CLANG_WARN_RANGE_LOOP_ANALYSIS = YES;
				CLANG_WARN_STRICT_PROTOTYPES = YES;
				CLANG_WARN_SUSPICIOUS_MOVE = YES;
				CLANG_WARN_UNGUARDED_AVAILABILITY = YES_AGGRESSIVE;
				CLANG_WARN_UNREACHABLE_CODE = YES;
				CLANG_WARN__DUPLICATE_METHOD_MATCH = YES;
				CODE_SIGN_IDENTITY = "iPhone Developer";
				COPY_PHASE_STRIP = NO;
				DEBUG_INFORMATION_FORMAT = "dwarf-with-dsym";
				ENABLE_NS_ASSERTIONS = NO;
				ENABLE_STRICT_OBJC_MSGSEND = YES;
				GCC_C_LANGUAGE_STANDARD = gnu11;
				GCC_NO_COMMON_BLOCKS = YES;
				GCC_WARN_64_TO_32_BIT_CONVERSION = YES;
				GCC_WARN_ABOUT_RETURN_TYPE = YES_ERROR;
				GCC_WARN_UNDECLARED_SELECTOR = YES;
				GCC_WARN_UNINITIALIZED_AUTOS = YES_AGGRESSIVE;
				GCC_WARN_UNUSED_FUNCTION = YES;
				GCC_WARN_UNUSED_VARIABLE = YES;
				IPHONEOS_DEPLOYMENT_TARGET = 12.2;
				MTL_ENABLE_DEBUG_INFO = NO;
				MTL_FAST_MATH = YES;
				SDKROOT = iphoneos;
				SWIFT_COMPILATION_MODE = wholemodule;
				SWIFT_OPTIMIZATION_LEVEL = "-O";
				VALIDATE_PRODUCT = YES;
			};
			name = Release;
		};
		18BFA71C22BD2FA0000C09B7 /* Debug */ = {
			isa = XCBuildConfiguration;
			buildSettings = {
				ASSETCATALOG_COMPILER_APPICON_NAME = AppIcon;
				CODE_SIGN_STYLE = Automatic;
				DEVELOPMENT_TEAM = 4GGT7GLU5Y;
				INFOPLIST_FILE = TablesPractice/Info.plist;
				LD_RUNPATH_SEARCH_PATHS = (
					"$(inherited)",
					"@executable_path/Frameworks",
				);
				PRODUCT_BUNDLE_IDENTIFIER = KWK.TablesPractice;
				PRODUCT_NAME = "$(TARGET_NAME)";
				SWIFT_VERSION = 5.0;
				TARGETED_DEVICE_FAMILY = "1,2";
			};
			name = Debug;
		};
		18BFA71D22BD2FA0000C09B7 /* Release */ = {
			isa = XCBuildConfiguration;
			buildSettings = {
				ASSETCATALOG_COMPILER_APPICON_NAME = AppIcon;
				CODE_SIGN_STYLE = Automatic;
				DEVELOPMENT_TEAM = 4GGT7GLU5Y;
				INFOPLIST_FILE = TablesPractice/Info.plist;
				LD_RUNPATH_SEARCH_PATHS = (
					"$(inherited)",
					"@executable_path/Frameworks",
				);
				PRODUCT_BUNDLE_IDENTIFIER = KWK.TablesPractice;
				PRODUCT_NAME = "$(TARGET_NAME)";
				SWIFT_VERSION = 5.0;
				TARGETED_DEVICE_FAMILY = "1,2";
			};
			name = Release;
		};
		18BFA71F22BD2FA0000C09B7 /* Debug */ = {
			isa = XCBuildConfiguration;
			buildSettings = {
				ALWAYS_EMBED_SWIFT_STANDARD_LIBRARIES = YES;
				BUNDLE_LOADER = "$(TEST_HOST)";
				CODE_SIGN_STYLE = Automatic;
				INFOPLIST_FILE = TablesPracticeTests/Info.plist;
				LD_RUNPATH_SEARCH_PATHS = (
					"$(inherited)",
					"@executable_path/Frameworks",
					"@loader_path/Frameworks",
				);
				PRODUCT_BUNDLE_IDENTIFIER = KWK.TablesPracticeTests;
				PRODUCT_NAME = "$(TARGET_NAME)";
				SWIFT_VERSION = 5.0;
				TARGETED_DEVICE_FAMILY = "1,2";
				TEST_HOST = "$(BUILT_PRODUCTS_DIR)/TablesPractice.app/TablesPractice";
			};
			name = Debug;
		};
		18BFA72022BD2FA0000C09B7 /* Release */ = {
			isa = XCBuildConfiguration;
			buildSettings = {
				ALWAYS_EMBED_SWIFT_STANDARD_LIBRARIES = YES;
				BUNDLE_LOADER = "$(TEST_HOST)";
				CODE_SIGN_STYLE = Automatic;
				INFOPLIST_FILE = TablesPracticeTests/Info.plist;
				LD_RUNPATH_SEARCH_PATHS = (
					"$(inherited)",
					"@executable_path/Frameworks",
					"@loader_path/Frameworks",
				);
				PRODUCT_BUNDLE_IDENTIFIER = KWK.TablesPracticeTests;
				PRODUCT_NAME = "$(TARGET_NAME)";
				SWIFT_VERSION = 5.0;
				TARGETED_DEVICE_FAMILY = "1,2";
				TEST_HOST = "$(BUILT_PRODUCTS_DIR)/TablesPractice.app/TablesPractice";
			};
			name = Release;
		};
		18BFA72222BD2FA0000C09B7 /* Debug */ = {
			isa = XCBuildConfiguration;
			buildSettings = {
				ALWAYS_EMBED_SWIFT_STANDARD_LIBRARIES = YES;
				CODE_SIGN_STYLE = Automatic;
				INFOPLIST_FILE = TablesPracticeUITests/Info.plist;
				LD_RUNPATH_SEARCH_PATHS = (
					"$(inherited)",
					"@executable_path/Frameworks",
					"@loader_path/Frameworks",
				);
				PRODUCT_BUNDLE_IDENTIFIER = KWK.TablesPracticeUITests;
				PRODUCT_NAME = "$(TARGET_NAME)";
				SWIFT_VERSION = 5.0;
				TARGETED_DEVICE_FAMILY = "1,2";
				TEST_TARGET_NAME = TablesPractice;
			};
			name = Debug;
		};
		18BFA72322BD2FA0000C09B7 /* Release */ = {
			isa = XCBuildConfiguration;
			buildSettings = {
				ALWAYS_EMBED_SWIFT_STANDARD_LIBRARIES = YES;
				CODE_SIGN_STYLE = Automatic;
				INFOPLIST_FILE = TablesPracticeUITests/Info.plist;
				LD_RUNPATH_SEARCH_PATHS = (
					"$(inherited)",
					"@executable_path/Frameworks",
					"@loader_path/Frameworks",
				);
				PRODUCT_BUNDLE_IDENTIFIER = KWK.TablesPracticeUITests;
				PRODUCT_NAME = "$(TARGET_NAME)";
				SWIFT_VERSION = 5.0;
				TARGETED_DEVICE_FAMILY = "1,2";
				TEST_TARGET_NAME = TablesPractice;
			};
			name = Release;
		};
/* End XCBuildConfiguration section */

/* Begin XCConfigurationList section */
		18BFA6EE22BD2F9F000C09B7 /* Build configuration list for PBXProject "TablesPractice" */ = {
			isa = XCConfigurationList;
			buildConfigurations = (
				18BFA71922BD2FA0000C09B7 /* Debug */,
				18BFA71A22BD2FA0000C09B7 /* Release */,
			);
			defaultConfigurationIsVisible = 0;
			defaultConfigurationName = Release;
		};
		18BFA71B22BD2FA0000C09B7 /* Build configuration list for PBXNativeTarget "TablesPractice" */ = {
			isa = XCConfigurationList;
			buildConfigurations = (
				18BFA71C22BD2FA0000C09B7 /* Debug */,
				18BFA71D22BD2FA0000C09B7 /* Release */,
			);
			defaultConfigurationIsVisible = 0;
			defaultConfigurationName = Release;
		};
		18BFA71E22BD2FA0000C09B7 /* Build configuration list for PBXNativeTarget "TablesPracticeTests" */ = {
			isa = XCConfigurationList;
			buildConfigurations = (
				18BFA71F22BD2FA0000C09B7 /* Debug */,
				18BFA72022BD2FA0000C09B7 /* Release */,
			);
			defaultConfigurationIsVisible = 0;
			defaultConfigurationName = Release;
		};
		18BFA72122BD2FA0000C09B7 /* Build configuration list for PBXNativeTarget "TablesPracticeUITests" */ = {
			isa = XCConfigurationList;
			buildConfigurations = (
				18BFA72222BD2FA0000C09B7 /* Debug */,
				18BFA72322BD2FA0000C09B7 /* Release */,
			);
			defaultConfigurationIsVisible = 0;
			defaultConfigurationName = Release;
		};
/* End XCConfigurationList section */
	};
	rootObject = 18BFA6EB22BD2F9F000C09B7 /* Project object */;
}
